
Microsoft Visual Studio Solution File, Format Version 11.00
# Visual Studio 2010
Project("{F184B08F-C81C-45F6-A57F-5ABD9991F28F}") = "BasicLogInProject", "BasicLogInProject\BasicLogInProject.vbproj", "{65F7DFB6-1E07-4730-8124-D2F92AB10DE1}"
EndProject
Global
	GlobalSection(SolutionConfigurationPlatforms) = preSolution
		Debug|x86 = Debug|x86
		Release|x86 = Release|x86
	EndGlobalSection
	GlobalSection(ProjectConfigurationPlatforms) = postSolution
		{65F7DFB6-1E07-4730-8124-D2F92AB10DE1}.Debug|x86.ActiveCfg = Debug|x86
		{65F7DFB6-1E07-4730-8124-D2F92AB10DE1}.Debug|x86.Build.0 = Debug|x86
		{65F7DFB6-1E07-4730-8124-D2F92AB10DE1}.Release|x86.ActiveCfg = Release|x86
		{65F7DFB6-1E07-4730-8124-D2F92AB10DE1}.Release|x86.Build.0 = Release|x86
	EndGlobalSection
	GlobalSection(SolutionProperties) = preSolution
		HideSolutionNode = FALSE
	EndGlobalSection
EndGlobal
